
Microsoft Visual Studio Solution File, Format Version 12.00
# Visual Studio Version 17
VisualStudioVersion = 17.0.31903.59
MinimumVisualStudioVersion = 10.0.40219.1
Project("{2150E333-8FDC-42A3-9474-1A3956D46DE8}") = "src", "src", "{4A90201C-220B-4003-BDDC-4F9B1CBC7A56}"
EndProject
Project("{FAE04EC0-301F-11D3-BF4B-00C04F79EFBC}") = "API", "src\API\API.csproj", "{1A3DE13D-0DF4-4BEC-818A-CA1CF835E503}"
EndProject
Project("{FAE04EC0-301F-11D3-BF4B-00C04F79EFBC}") = "Application", "src\Application\Application.csproj", "{6BA25E5A-02C1-47D4-ABAD-E28400D7E976}"
EndProject
Project("{FAE04EC0-301F-11D3-BF4B-00C04F79EFBC}") = "Domain", "src\Domain\Domain.csproj", "{419162D3-58FD-4204-9906-A461843E371B}"
EndProject
Project("{FAE04EC0-301F-11D3-BF4B-00C04F79EFBC}") = "Infrastructure", "src\Infrastructure\Infrastructure.csproj", "{D6B9CF01-B5AB-4D36-9EEF-D8ABEA2F25A7}"
EndProject
Project("{2150E333-8FDC-42A3-9474-1A3956D46DE8}") = "tests", "tests", "{5107DACB-0AE1-4217-93AE-59245953C668}"
EndProject
Project("{FAE04EC0-301F-11D3-BF4B-00C04F79EFBC}") = "API.Tests", "tests\API.Tests\API.Tests.csproj", "{2E5A730D-87A8-465A-AEC6-CD769CDE3738}"
EndProject
Project("{FAE04EC0-301F-11D3-BF4B-00C04F79EFBC}") = "Application.Tests", "tests\Application.Tests\Application.Tests.csproj", "{C60929B3-876B-46F5-A066-508C40C78FBE}"
EndProject
Project("{FAE04EC0-301F-11D3-BF4B-00C04F79EFBC}") = "Domain.Tests", "tests\Domain.Tests\Domain.Tests.csproj", "{25654941-76D6-4289-9A1F-6657DE406827}"
EndProject
Project("{FAE04EC0-301F-11D3-BF4B-00C04F79EFBC}") = "Infrastructure.Tests", "tests\Infrastructure.Tests\Infrastructure.Tests.csproj", "{6DC867D5-D00F-4614-85F5-59EF09DC89FD}"
EndProject
Project("{FAE04EC0-301F-11D3-BF4B-00C04F79EFBC}") = "Shared", "src\Shared\Shared.csproj", "{372848A1-5B1C-4DBF-97D1-0EADA9B3E1C4}"
EndProject
Project("{FAE04EC0-301F-11D3-BF4B-00C04F79EFBC}") = "Shared.Tests", "tests\Shared.Tests\Shared.Tests.csproj", "{12D72F8B-35B0-4186-B05F-9074EE8480F4}"
EndProject
Global
	GlobalSection(SolutionConfigurationPlatforms) = preSolution
		Debug|Any CPU = Debug|Any CPU
		Release|Any CPU = Release|Any CPU
	EndGlobalSection
	GlobalSection(ProjectConfigurationPlatforms) = postSolution
		{1A3DE13D-0DF4-4BEC-818A-CA1CF835E503}.Debug|Any CPU.ActiveCfg = Debug|Any CPU
		{1A3DE13D-0DF4-4BEC-818A-CA1CF835E503}.Debug|Any CPU.Build.0 = Debug|Any CPU
		{1A3DE13D-0DF4-4BEC-818A-CA1CF835E503}.Release|Any CPU.ActiveCfg = Release|Any CPU
		{1A3DE13D-0DF4-4BEC-818A-CA1CF835E503}.Release|Any CPU.Build.0 = Release|Any CPU
		{6BA25E5A-02C1-47D4-ABAD-E28400D7E976}.Debug|Any CPU.ActiveCfg = Debug|Any CPU
		{6BA25E5A-02C1-47D4-ABAD-E28400D7E976}.Debug|Any CPU.Build.0 = Debug|Any CPU
		{6BA25E5A-02C1-47D4-ABAD-E28400D7E976}.Release|Any CPU.ActiveCfg = Release|Any CPU
		{6BA25E5A-02C1-47D4-ABAD-E28400D7E976}.Release|Any CPU.Build.0 = Release|Any CPU
		{419162D3-58FD-4204-9906-A461843E371B}.Debug|Any CPU.ActiveCfg = Debug|Any CPU
		{419162D3-58FD-4204-9906-A461843E371B}.Debug|Any CPU.Build.0 = Debug|Any CPU
		{419162D3-58FD-4204-9906-A461843E371B}.Release|Any CPU.ActiveCfg = Release|Any CPU
		{419162D3-58FD-4204-9906-A461843E371B}.Release|Any CPU.Build.0 = Release|Any CPU
		{D6B9CF01-B5AB-4D36-9EEF-D8ABEA2F25A7}.Debug|Any CPU.ActiveCfg = Debug|Any CPU
		{D6B9CF01-B5AB-4D36-9EEF-D8ABEA2F25A7}.Debug|Any CPU.Build.0 = Debug|Any CPU
		{D6B9CF01-B5AB-4D36-9EEF-D8ABEA2F25A7}.Release|Any CPU.ActiveCfg = Release|Any CPU
		{D6B9CF01-B5AB-4D36-9EEF-D8ABEA2F25A7}.Release|Any CPU.Build.0 = Release|Any CPU
		{2E5A730D-87A8-465A-AEC6-CD769CDE3738}.Debug|Any CPU.ActiveCfg = Debug|Any CPU
		{2E5A730D-87A8-465A-AEC6-CD769CDE3738}.Debug|Any CPU.Build.0 = Debug|Any CPU
		{2E5A730D-87A8-465A-AEC6-CD769CDE3738}.Release|Any CPU.ActiveCfg = Release|Any CPU
		{2E5A730D-87A8-465A-AEC6-CD769CDE3738}.Release|Any CPU.Build.0 = Release|Any CPU
		{C60929B3-876B-46F5-A066-508C40C78FBE}.Debug|Any CPU.ActiveCfg = Debug|Any CPU
		{C60929B3-876B-46F5-A066-508C40C78FBE}.Debug|Any CPU.Build.0 = Debug|Any CPU
		{C60929B3-876B-46F5-A066-508C40C78FBE}.Release|Any CPU.ActiveCfg = Release|Any CPU
		{C60929B3-876B-46F5-A066-508C40C78FBE}.Release|Any CPU.Build.0 = Release|Any CPU
		{25654941-76D6-4289-9A1F-6657DE406827}.Debug|Any CPU.ActiveCfg = Debug|Any CPU
		{25654941-76D6-4289-9A1F-6657DE406827}.Debug|Any CPU.Build.0 = Debug|Any CPU
		{25654941-76D6-4289-9A1F-6657DE406827}.Release|Any CPU.ActiveCfg = Release|Any CPU
		{25654941-76D6-4289-9A1F-6657DE406827}.Release|Any CPU.Build.0 = Release|Any CPU
		{6DC867D5-D00F-4614-85F5-59EF09DC89FD}.Debug|Any CPU.ActiveCfg = Debug|Any CPU
		{6DC867D5-D00F-4614-85F5-59EF09DC89FD}.Debug|Any CPU.Build.0 = Debug|Any CPU
		{6DC867D5-D00F-4614-85F5-59EF09DC89FD}.Release|Any CPU.ActiveCfg = Release|Any CPU
		{6DC867D5-D00F-4614-85F5-59EF09DC89FD}.Release|Any CPU.Build.0 = Release|Any CPU
		{372848A1-5B1C-4DBF-97D1-0EADA9B3E1C4}.Debug|Any CPU.ActiveCfg = Debug|Any CPU
		{372848A1-5B1C-4DBF-97D1-0EADA9B3E1C4}.Debug|Any CPU.Build.0 = Debug|Any CPU
		{372848A1-5B1C-4DBF-97D1-0EADA9B3E1C4}.Release|Any CPU.ActiveCfg = Release|Any CPU
		{372848A1-5B1C-4DBF-97D1-0EADA9B3E1C4}.Release|Any CPU.Build.0 = Release|Any CPU
		{12D72F8B-35B0-4186-B05F-9074EE8480F4}.Debug|Any CPU.ActiveCfg = Debug|Any CPU
		{12D72F8B-35B0-4186-B05F-9074EE8480F4}.Debug|Any CPU.Build.0 = Debug|Any CPU
		{12D72F8B-35B0-4186-B05F-9074EE8480F4}.Release|Any CPU.ActiveCfg = Release|Any CPU
		{12D72F8B-35B0-4186-B05F-9074EE8480F4}.Release|Any CPU.Build.0 = Release|Any CPU
	EndGlobalSection
	GlobalSection(SolutionProperties) = preSolution
		HideSolutionNode = FALSE
	EndGlobalSection
	GlobalSection(NestedProjects) = preSolution
		{1A3DE13D-0DF4-4BEC-818A-CA1CF835E503} = {4A90201C-220B-4003-BDDC-4F9B1CBC7A56}
		{6BA25E5A-02C1-47D4-ABAD-E28400D7E976} = {4A90201C-220B-4003-BDDC-4F9B1CBC7A56}
		{419162D3-58FD-4204-9906-A461843E371B} = {4A90201C-220B-4003-BDDC-4F9B1CBC7A56}
		{D6B9CF01-B5AB-4D36-9EEF-D8ABEA2F25A7} = {4A90201C-220B-4003-BDDC-4F9B1CBC7A56}
		{2E5A730D-87A8-465A-AEC6-CD769CDE3738} = {5107DACB-0AE1-4217-93AE-59245953C668}
		{C60929B3-876B-46F5-A066-508C40C78FBE} = {5107DACB-0AE1-4217-93AE-59245953C668}
		{25654941-76D6-4289-9A1F-6657DE406827} = {5107DACB-0AE1-4217-93AE-59245953C668}
		{6DC867D5-D00F-4614-85F5-59EF09DC89FD} = {5107DACB-0AE1-4217-93AE-59245953C668}
		{372848A1-5B1C-4DBF-97D1-0EADA9B3E1C4} = {4A90201C-220B-4003-BDDC-4F9B1CBC7A56}
		{12D72F8B-35B0-4186-B05F-9074EE8480F4} = {5107DACB-0AE1-4217-93AE-59245953C668}
	EndGlobalSection
EndGlobal
